// !$*UTF8*$!
{
	archiveVersion = 1;
	classes = {
	};
	objectVersion = 50;
	objects = {

/* Begin PBXBuildFile section */
		B60A8008273C2930002DBAEA /* Chunk.cpp in Sources */ = {isa = PBXBuildFile; fileRef = B60A8006273C2930002DBAEA /* Chunk.cpp */; };
		B617D9742734273B004FE945 /* VertexArray.cpp in Sources */ = {isa = PBXBuildFile; fileRef = B617D94F2734273A004FE945 /* VertexArray.cpp */; };
		B617D9752734273B004FE945 /* main.cpp in Sources */ = {isa = PBXBuildFile; fileRef = B617D9512734273A004FE945 /* main.cpp */; };
		B617D9762734273B004FE945 /* IndexBuffer.cpp in Sources */ = {isa = PBXBuildFile; fileRef = B617D9532734273A004FE945 /* IndexBuffer.cpp */; };
		B617D9772734273B004FE945 /* imgui.cpp in Sources */ = {isa = PBXBuildFile; fileRef = B617D95C2734273A004FE945 /* imgui.cpp */; };
		B617D9782734273B004FE945 /* imgui_impl_glfw_gl3.cpp in Sources */ = {isa = PBXBuildFile; fileRef = B617D95E2734273A004FE945 /* imgui_impl_glfw_gl3.cpp */; };
		B617D9792734273B004FE945 /* imgui_demo.cpp in Sources */ = {isa = PBXBuildFile; fileRef = B617D9602734273A004FE945 /* imgui_demo.cpp */; };
		B617D97A2734273B004FE945 /* imgui_draw.cpp in Sources */ = {isa = PBXBuildFile; fileRef = B617D9612734273A004FE945 /* imgui_draw.cpp */; };
		B617D97C2734273B004FE945 /* VertexBuffer.cpp in Sources */ = {isa = PBXBuildFile; fileRef = B617D9652734273A004FE945 /* VertexBuffer.cpp */; };
		B617D97D2734273B004FE945 /* Texture.cpp in Sources */ = {isa = PBXBuildFile; fileRef = B617D9692734273B004FE945 /* Texture.cpp */; };
		B617D97E2734273B004FE945 /* OpenGLEngine.cpp in Sources */ = {isa = PBXBuildFile; fileRef = B617D96A2734273B004FE945 /* OpenGLEngine.cpp */; };
		B617D97F2734273B004FE945 /* Shader.cpp in Sources */ = {isa = PBXBuildFile; fileRef = B617D9732734273B004FE945 /* Shader.cpp */; };
		B6218A9C273A7AE000564709 /* MeshBuilder.cpp in Sources */ = {isa = PBXBuildFile; fileRef = B6218A9A273A7AE000564709 /* MeshBuilder.cpp */; };
		B63C0CB12735EF1E00CD2D30 /* stb_image.cpp in Sources */ = {isa = PBXBuildFile; fileRef = B617D9642734273A004FE945 /* stb_image.cpp */; };
		B675CE33273739730010C4AB /* Mesh.cpp in Sources */ = {isa = PBXBuildFile; fileRef = B675CE31273739730010C4AB /* Mesh.cpp */; };
		B6BFF5DF26F8EDD4002ECA4B /* OpenGL.framework in Frameworks */ = {isa = PBXBuildFile; fileRef = B6BFF5DE26F8EDD4002ECA4B /* OpenGL.framework */; };
		B6BFF5E326F8EDF9002ECA4B /* libglfw.3.3.dylib in Frameworks */ = {isa = PBXBuildFile; fileRef = B6BFF5E126F8EDF9002ECA4B /* libglfw.3.3.dylib */; };
		B6BFF5E726F8EE22002ECA4B /* libGLEW.2.2.0.dylib in Frameworks */ = {isa = PBXBuildFile; fileRef = B6BFF5E526F8EE22002ECA4B /* libGLEW.2.2.0.dylib */; };
		B6F13526273EE44D00DF29E4 /* MeshHeight.cpp in Sources */ = {isa = PBXBuildFile; fileRef = B6F13524273EE44D00DF29E4 /* MeshHeight.cpp */; };
		B6FDF28D2735A27200DEBCB9 /* Camera.cpp in Sources */ = {isa = PBXBuildFile; fileRef = B6FDF28B2735A27200DEBCB9 /* Camera.cpp */; };
/* End PBXBuildFile section */

/* Begin PBXCopyFilesBuildPhase section */
		B6BFF5D026F8EDC6002ECA4B /* CopyFiles */ = {
			isa = PBXCopyFilesBuildPhase;
			buildActionMask = 12;
			dstPath = "";
			dstSubfolderSpec = 10;
			files = (
			);
			runOnlyForDeploymentPostprocessing = 0;
		};
/* End PBXCopyFilesBuildPhase section */

/* Begin PBXFileReference section */
		B60A8004273C27DF002DBAEA /* FastNoiseLite.h */ = {isa = PBXFileReference; lastKnownFileType = sourcecode.c.h; path = FastNoiseLite.h; sourceTree = "<group>"; };
		B60A8006273C2930002DBAEA /* Chunk.cpp */ = {isa = PBXFileReference; lastKnownFileType = sourcecode.cpp.cpp; path = Chunk.cpp; sourceTree = "<group>"; };
		B60A8007273C2930002DBAEA /* Chunk.h */ = {isa = PBXFileReference; lastKnownFileType = sourcecode.c.h; path = Chunk.h; sourceTree = "<group>"; };
		B60EC8D527451BFA00D50A76 /* FarMesh.vs */ = {isa = PBXFileReference; lastKnownFileType = sourcecode.glsl; path = FarMesh.vs; sourceTree = "<group>"; };
		B60EC8D627451C6600D50A76 /* FarMesh.fs */ = {isa = PBXFileReference; lastKnownFileType = sourcecode.glsl; path = FarMesh.fs; sourceTree = "<group>"; };
		B617D94E2734273A004FE945 /* Shader.h */ = {isa = PBXFileReference; fileEncoding = 4; lastKnownFileType = sourcecode.c.h; path = Shader.h; sourceTree = "<group>"; };
		B617D94F2734273A004FE945 /* VertexArray.cpp */ = {isa = PBXFileReference; fileEncoding = 4; lastKnownFileType = sourcecode.cpp.cpp; path = VertexArray.cpp; sourceTree = "<group>"; };
		B617D9502734273A004FE945 /* VertexBuffer.h */ = {isa = PBXFileReference; fileEncoding = 4; lastKnownFileType = sourcecode.c.h; path = VertexBuffer.h; sourceTree = "<group>"; };
		B617D9512734273A004FE945 /* main.cpp */ = {isa = PBXFileReference; fileEncoding = 4; lastKnownFileType = sourcecode.cpp.cpp; path = main.cpp; sourceTree = "<group>"; };
		B617D9522734273A004FE945 /* IndexBuffer.h */ = {isa = PBXFileReference; fileEncoding = 4; lastKnownFileType = sourcecode.c.h; path = IndexBuffer.h; sourceTree = "<group>"; };
		B617D9532734273A004FE945 /* IndexBuffer.cpp */ = {isa = PBXFileReference; fileEncoding = 4; lastKnownFileType = sourcecode.cpp.cpp; path = IndexBuffer.cpp; sourceTree = "<group>"; };
		B617D9562734273A004FE945 /* imgui_impl_glfw_gl3.h */ = {isa = PBXFileReference; fileEncoding = 4; lastKnownFileType = sourcecode.c.h; path = imgui_impl_glfw_gl3.h; sourceTree = "<group>"; };
		B617D9572734273A004FE945 /* imgui.h */ = {isa = PBXFileReference; fileEncoding = 4; lastKnownFileType = sourcecode.c.h; path = imgui.h; sourceTree = "<group>"; };
		B617D9582734273A004FE945 /* imgui-main.cpp_example */ = {isa = PBXFileReference; fileEncoding = 4; lastKnownFileType = text; path = "imgui-main.cpp_example"; sourceTree = "<group>"; };
		B617D9592734273A004FE945 /* imconfig.h */ = {isa = PBXFileReference; fileEncoding = 4; lastKnownFileType = sourcecode.c.h; path = imconfig.h; sourceTree = "<group>"; };
		B617D95A2734273A004FE945 /* stb_rect_pack.h */ = {isa = PBXFileReference; fileEncoding = 4; lastKnownFileType = sourcecode.c.h; path = stb_rect_pack.h; sourceTree = "<group>"; };
		B617D95B2734273A004FE945 /* stb_truetype.h */ = {isa = PBXFileReference; fileEncoding = 4; lastKnownFileType = sourcecode.c.h; path = stb_truetype.h; sourceTree = "<group>"; };
		B617D95C2734273A004FE945 /* imgui.cpp */ = {isa = PBXFileReference; fileEncoding = 4; lastKnownFileType = sourcecode.cpp.cpp; path = imgui.cpp; sourceTree = "<group>"; };
		B617D95D2734273A004FE945 /* imgui_internal.h */ = {isa = PBXFileReference; fileEncoding = 4; lastKnownFileType = sourcecode.c.h; path = imgui_internal.h; sourceTree = "<group>"; };
		B617D95E2734273A004FE945 /* imgui_impl_glfw_gl3.cpp */ = {isa = PBXFileReference; fileEncoding = 4; lastKnownFileType = sourcecode.cpp.cpp; path = imgui_impl_glfw_gl3.cpp; sourceTree = "<group>"; };
		B617D95F2734273A004FE945 /* stb_textedit.h */ = {isa = PBXFileReference; fileEncoding = 4; lastKnownFileType = sourcecode.c.h; path = stb_textedit.h; sourceTree = "<group>"; };
		B617D9602734273A004FE945 /* imgui_demo.cpp */ = {isa = PBXFileReference; fileEncoding = 4; lastKnownFileType = sourcecode.cpp.cpp; path = imgui_demo.cpp; sourceTree = "<group>"; };
		B617D9612734273A004FE945 /* imgui_draw.cpp */ = {isa = PBXFileReference; fileEncoding = 4; lastKnownFileType = sourcecode.cpp.cpp; path = imgui_draw.cpp; sourceTree = "<group>"; };
		B617D9632734273A004FE945 /* stb_image.h */ = {isa = PBXFileReference; fileEncoding = 4; lastKnownFileType = sourcecode.c.h; path = stb_image.h; sourceTree = "<group>"; };
		B617D9642734273A004FE945 /* stb_image.cpp */ = {isa = PBXFileReference; fileEncoding = 4; lastKnownFileType = sourcecode.cpp.cpp; path = stb_image.cpp; sourceTree = "<group>"; };
		B617D9652734273A004FE945 /* VertexBuffer.cpp */ = {isa = PBXFileReference; fileEncoding = 4; lastKnownFileType = sourcecode.cpp.cpp; path = VertexBuffer.cpp; sourceTree = "<group>"; };
		B617D9662734273A004FE945 /* VertexArray.h */ = {isa = PBXFileReference; fileEncoding = 4; lastKnownFileType = sourcecode.c.h; path = VertexArray.h; sourceTree = "<group>"; };
		B617D9672734273A004FE945 /* Debug.h */ = {isa = PBXFileReference; fileEncoding = 4; lastKnownFileType = sourcecode.c.h; path = Debug.h; sourceTree = "<group>"; };
		B617D9682734273B004FE945 /* OpenGLEngine.h */ = {isa = PBXFileReference; fileEncoding = 4; lastKnownFileType = sourcecode.c.h; path = OpenGLEngine.h; sourceTree = "<group>"; };
		B617D9692734273B004FE945 /* Texture.cpp */ = {isa = PBXFileReference; fileEncoding = 4; lastKnownFileType = sourcecode.cpp.cpp; path = Texture.cpp; sourceTree = "<group>"; };
		B617D96A2734273B004FE945 /* OpenGLEngine.cpp */ = {isa = PBXFileReference; fileEncoding = 4; lastKnownFileType = sourcecode.cpp.cpp; path = OpenGLEngine.cpp; sourceTree = "<group>"; };
		B617D96B2734273B004FE945 /* VertexBufferLayout.h */ = {isa = PBXFileReference; fileEncoding = 4; lastKnownFileType = sourcecode.c.h; path = VertexBufferLayout.h; sourceTree = "<group>"; };
		B617D96C2734273B004FE945 /* Texture.h */ = {isa = PBXFileReference; fileEncoding = 4; lastKnownFileType = sourcecode.c.h; path = Texture.h; sourceTree = "<group>"; };
		B617D96F2734273B004FE945 /* gold-dollar.png */ = {isa = PBXFileReference; lastKnownFileType = image.png; path = "gold-dollar.png"; sourceTree = "<group>"; };
		B617D9702734273B004FE945 /* phone.png */ = {isa = PBXFileReference; lastKnownFileType = image.png; path = phone.png; sourceTree = "<group>"; };
		B617D9722734273B004FE945 /* CloseMesh.vs */ = {isa = PBXFileReference; fileEncoding = 4; lastKnownFileType = sourcecode.glsl; path = CloseMesh.vs; sourceTree = "<group>"; };
		B617D9732734273B004FE945 /* Shader.cpp */ = {isa = PBXFileReference; fileEncoding = 4; lastKnownFileType = sourcecode.cpp.cpp; path = Shader.cpp; sourceTree = "<group>"; };
		B617D98127342FFD004FE945 /* CloseMesh.fs */ = {isa = PBXFileReference; lastKnownFileType = sourcecode.glsl; path = CloseMesh.fs; sourceTree = "<group>"; };
		B61FAB3E2736994A00D6DD56 /* Material.h */ = {isa = PBXFileReference; lastKnownFileType = sourcecode.c.h; path = Material.h; sourceTree = "<group>"; };
		B61FAB3F27369A7800D6DD56 /* Common.shader */ = {isa = PBXFileReference; lastKnownFileType = text; path = Common.shader; sourceTree = "<group>"; };
		B6218A9A273A7AE000564709 /* MeshBuilder.cpp */ = {isa = PBXFileReference; lastKnownFileType = sourcecode.cpp.cpp; path = MeshBuilder.cpp; sourceTree = "<group>"; };
		B6218A9B273A7AE000564709 /* MeshBuilder.h */ = {isa = PBXFileReference; lastKnownFileType = sourcecode.c.h; path = MeshBuilder.h; sourceTree = "<group>"; };
		B623EA192743BC1F007A158C /* FarMesh.gs */ = {isa = PBXFileReference; lastKnownFileType = sourcecode.glsl; path = FarMesh.gs; sourceTree = "<group>"; };
		B625C59C27457B3D00F90B2C /* water.fs */ = {isa = PBXFileReference; lastKnownFileType = sourcecode.glsl; path = water.fs; sourceTree = "<group>"; };
		B625C59D27457B3D00F90B2C /* water.vs */ = {isa = PBXFileReference; lastKnownFileType = sourcecode.glsl; path = water.vs; sourceTree = "<group>"; };
		B625C59E27457C5B00F90B2C /* MeshSettings.h */ = {isa = PBXFileReference; lastKnownFileType = sourcecode.c.h; path = MeshSettings.h; sourceTree = "<group>"; };
		B625C59F27457CAB00F90B2C /* ChunkSettings.h */ = {isa = PBXFileReference; lastKnownFileType = sourcecode.c.h; path = ChunkSettings.h; sourceTree = "<group>"; };
		B63A99712737240000CA007E /* Vertex.h */ = {isa = PBXFileReference; lastKnownFileType = sourcecode.c.h; path = Vertex.h; sourceTree = "<group>"; };
		B64E5E2E26F8EEA500CC7383 /* OpenGL.entitlements */ = {isa = PBXFileReference; lastKnownFileType = text.plist.entitlements; path = OpenGL.entitlements; sourceTree = "<group>"; };
		B64E5E2F26F8EEBE00CC7383 /* libglfw.3.dylib */ = {isa = PBXFileReference; lastKnownFileType = "compiled.mach-o.dylib"; name = libglfw.3.dylib; path = ../../../../../../usr/local/Cellar/glfw/3.3.4/lib/libglfw.3.dylib; sourceTree = "<group>"; };
		B675CE31273739730010C4AB /* Mesh.cpp */ = {isa = PBXFileReference; lastKnownFileType = sourcecode.cpp.cpp; path = Mesh.cpp; sourceTree = "<group>"; };
		B675CE32273739730010C4AB /* Mesh.h */ = {isa = PBXFileReference; lastKnownFileType = sourcecode.c.h; path = Mesh.h; sourceTree = "<group>"; };
		B6BFF5D226F8EDC6002ECA4B /* OpenGL */ = {isa = PBXFileReference; explicitFileType = "compiled.mach-o.executable"; includeInIndex = 0; path = OpenGL; sourceTree = BUILT_PRODUCTS_DIR; };
		B6BFF5DE26F8EDD4002ECA4B /* OpenGL.framework */ = {isa = PBXFileReference; lastKnownFileType = wrapper.framework; name = OpenGL.framework; path = System/Library/Frameworks/OpenGL.framework; sourceTree = SDKROOT; };
		B6BFF5E026F8EDF9002ECA4B /* libglfw.dylib */ = {isa = PBXFileReference; lastKnownFileType = "compiled.mach-o.dylib"; name = libglfw.dylib; path = ../../../../../../usr/local/Cellar/glfw/3.3.4/lib/libglfw.dylib; sourceTree = "<group>"; };
		B6BFF5E126F8EDF9002ECA4B /* libglfw.3.3.dylib */ = {isa = PBXFileReference; lastKnownFileType = "compiled.mach-o.dylib"; name = libglfw.3.3.dylib; path = ../../../../../../usr/local/Cellar/glfw/3.3.4/lib/libglfw.3.3.dylib; sourceTree = "<group>"; };
		B6BFF5E426F8EE22002ECA4B /* libGLEW.dylib */ = {isa = PBXFileReference; lastKnownFileType = "compiled.mach-o.dylib"; name = libGLEW.dylib; path = ../../../../../../usr/local/Cellar/glew/2.2.0_1/lib/libGLEW.dylib; sourceTree = "<group>"; };
		B6BFF5E526F8EE22002ECA4B /* libGLEW.2.2.0.dylib */ = {isa = PBXFileReference; lastKnownFileType = "compiled.mach-o.dylib"; name = libGLEW.2.2.0.dylib; path = ../../../../../../usr/local/Cellar/glew/2.2.0_1/lib/libGLEW.2.2.0.dylib; sourceTree = "<group>"; };
		B6F13524273EE44D00DF29E4 /* MeshHeight.cpp */ = {isa = PBXFileReference; lastKnownFileType = sourcecode.cpp.cpp; path = MeshHeight.cpp; sourceTree = "<group>"; };
		B6F13525273EE44D00DF29E4 /* MeshHeight.h */ = {isa = PBXFileReference; lastKnownFileType = sourcecode.c.h; path = MeshHeight.h; sourceTree = "<group>"; };
		B6FDF28B2735A27200DEBCB9 /* Camera.cpp */ = {isa = PBXFileReference; lastKnownFileType = sourcecode.cpp.cpp; path = Camera.cpp; sourceTree = "<group>"; };
		B6FDF28C2735A27200DEBCB9 /* Camera.h */ = {isa = PBXFileReference; lastKnownFileType = sourcecode.c.h; path = Camera.h; sourceTree = "<group>"; };
/* End PBXFileReference section */

/* Begin PBXFrameworksBuildPhase section */
		B6BFF5CF26F8EDC6002ECA4B /* Frameworks */ = {
			isa = PBXFrameworksBuildPhase;
			buildActionMask = 2147483647;
			files = (
				B6BFF5DF26F8EDD4002ECA4B /* OpenGL.framework in Frameworks */,
				B6BFF5E326F8EDF9002ECA4B /* libglfw.3.3.dylib in Frameworks */,
				B6BFF5E726F8EE22002ECA4B /* libGLEW.2.2.0.dylib in Frameworks */,
			);
			runOnlyForDeploymentPostprocessing = 0;
		};
/* End PBXFrameworksBuildPhase section */

/* Begin PBXGroup section */
		B60A8005273C27E3002DBAEA /* fast_noise */ = {
			isa = PBXGroup;
			children = (
				B60A8004273C27DF002DBAEA /* FastNoiseLite.h */,
			);
			path = fast_noise;
			sourceTree = "<group>";
		};
		B617D9542734273A004FE945 /* vendor */ = {
			isa = PBXGroup;
			children = (
				B60A8005273C27E3002DBAEA /* fast_noise */,
				B617D9552734273A004FE945 /* imgui */,
				B617D9622734273A004FE945 /* stb_image */,
			);
			path = vendor;
			sourceTree = "<group>";
		};
		B617D9552734273A004FE945 /* imgui */ = {
			isa = PBXGroup;
			children = (
				B617D9562734273A004FE945 /* imgui_impl_glfw_gl3.h */,
				B617D9572734273A004FE945 /* imgui.h */,
				B617D9582734273A004FE945 /* imgui-main.cpp_example */,
				B617D9592734273A004FE945 /* imconfig.h */,
				B617D95A2734273A004FE945 /* stb_rect_pack.h */,
				B617D95B2734273A004FE945 /* stb_truetype.h */,
				B617D95C2734273A004FE945 /* imgui.cpp */,
				B617D95D2734273A004FE945 /* imgui_internal.h */,
				B617D95E2734273A004FE945 /* imgui_impl_glfw_gl3.cpp */,
				B617D95F2734273A004FE945 /* stb_textedit.h */,
				B617D9602734273A004FE945 /* imgui_demo.cpp */,
				B617D9612734273A004FE945 /* imgui_draw.cpp */,
			);
			path = imgui;
			sourceTree = "<group>";
		};
		B617D9622734273A004FE945 /* stb_image */ = {
			isa = PBXGroup;
			children = (
				B617D9632734273A004FE945 /* stb_image.h */,
				B617D9642734273A004FE945 /* stb_image.cpp */,
			);
			path = stb_image;
			sourceTree = "<group>";
		};
		B617D96D2734273B004FE945 /* res */ = {
			isa = PBXGroup;
			children = (
				B617D96E2734273B004FE945 /* textures */,
				B617D9712734273B004FE945 /* shaders */,
			);
			path = res;
			sourceTree = "<group>";
		};
		B617D96E2734273B004FE945 /* textures */ = {
			isa = PBXGroup;
			children = (
				B617D96F2734273B004FE945 /* gold-dollar.png */,
				B617D9702734273B004FE945 /* phone.png */,
			);
			path = textures;
			sourceTree = "<group>";
		};
		B617D9712734273B004FE945 /* shaders */ = {
			isa = PBXGroup;
			children = (
				B625C59C27457B3D00F90B2C /* water.fs */,
				B625C59D27457B3D00F90B2C /* water.vs */,
				B61FAB3F27369A7800D6DD56 /* Common.shader */,
				B617D9722734273B004FE945 /* CloseMesh.vs */,
				B617D98127342FFD004FE945 /* CloseMesh.fs */,
				B60EC8D527451BFA00D50A76 /* FarMesh.vs */,
				B623EA192743BC1F007A158C /* FarMesh.gs */,
				B60EC8D627451C6600D50A76 /* FarMesh.fs */,
			);
			path = shaders;
			sourceTree = "<group>";
		};
		B617D98027342AA8004FE945 /* buffers */ = {
			isa = PBXGroup;
			children = (
				B617D9532734273A004FE945 /* IndexBuffer.cpp */,
				B617D9522734273A004FE945 /* IndexBuffer.h */,
				B617D94F2734273A004FE945 /* VertexArray.cpp */,
				B617D9662734273A004FE945 /* VertexArray.h */,
				B617D9652734273A004FE945 /* VertexBuffer.cpp */,
				B617D9502734273A004FE945 /* VertexBuffer.h */,
				B617D96B2734273B004FE945 /* VertexBufferLayout.h */,
			);
			path = buffers;
			sourceTree = "<group>";
		};
		B617D98227343062004FE945 /* shaders */ = {
			isa = PBXGroup;
			children = (
				B617D9732734273B004FE945 /* Shader.cpp */,
				B617D94E2734273A004FE945 /* Shader.h */,
			);
			path = shaders;
			sourceTree = "<group>";
		};
		B617D9832734306E004FE945 /* textures */ = {
			isa = PBXGroup;
			children = (
				B617D9692734273B004FE945 /* Texture.cpp */,
				B617D96C2734273B004FE945 /* Texture.h */,
			);
			path = textures;
			sourceTree = "<group>";
		};
		B617D98427343083004FE945 /* engine */ = {
			isa = PBXGroup;
			children = (
				B617D9672734273A004FE945 /* Debug.h */,
				B617D96A2734273B004FE945 /* OpenGLEngine.cpp */,
				B617D9682734273B004FE945 /* OpenGLEngine.h */,
			);
			path = engine;
			sourceTree = "<group>";
		};
		B61FAB3D2736993B00D6DD56 /* materials */ = {
			isa = PBXGroup;
			children = (
				B61FAB3E2736994A00D6DD56 /* Material.h */,
			);
			path = materials;
			sourceTree = "<group>";
		};
		B625C5A027457DC800F90B2C /* settings */ = {
			isa = PBXGroup;
			children = (
				B625C59E27457C5B00F90B2C /* MeshSettings.h */,
				B625C59F27457CAB00F90B2C /* ChunkSettings.h */,
			);
			path = settings;
			sourceTree = "<group>";
		};
		B63A996D273723E100CA007E /* mesh */ = {
			isa = PBXGroup;
			children = (
				B63A99712737240000CA007E /* Vertex.h */,
				B675CE31273739730010C4AB /* Mesh.cpp */,
				B675CE32273739730010C4AB /* Mesh.h */,
				B6218A9A273A7AE000564709 /* MeshBuilder.cpp */,
				B6218A9B273A7AE000564709 /* MeshBuilder.h */,
				B60A8006273C2930002DBAEA /* Chunk.cpp */,
				B60A8007273C2930002DBAEA /* Chunk.h */,
				B6F13524273EE44D00DF29E4 /* MeshHeight.cpp */,
				B6F13525273EE44D00DF29E4 /* MeshHeight.h */,
			);
			path = mesh;
			sourceTree = "<group>";
		};
		B6BFF5C926F8EDC6002ECA4B = {
			isa = PBXGroup;
			children = (
				B6BFF5D426F8EDC6002ECA4B /* OpenGL */,
				B6BFF5D326F8EDC6002ECA4B /* Products */,
				B6BFF5DD26F8EDD4002ECA4B /* Frameworks */,
			);
			sourceTree = "<group>";
		};
		B6BFF5D326F8EDC6002ECA4B /* Products */ = {
			isa = PBXGroup;
			children = (
				B6BFF5D226F8EDC6002ECA4B /* OpenGL */,
			);
			name = Products;
			sourceTree = "<group>";
		};
		B6BFF5D426F8EDC6002ECA4B /* OpenGL */ = {
			isa = PBXGroup;
			children = (
				B625C5A027457DC800F90B2C /* settings */,
				B63A996D273723E100CA007E /* mesh */,
				B61FAB3D2736993B00D6DD56 /* materials */,
				B6FDF28A2735A26500DEBCB9 /* camera */,
				B617D98427343083004FE945 /* engine */,
				B617D9832734306E004FE945 /* textures */,
				B617D98227343062004FE945 /* shaders */,
				B617D98027342AA8004FE945 /* buffers */,
				B617D9512734273A004FE945 /* main.cpp */,
				B617D96D2734273B004FE945 /* res */,
				B617D9542734273A004FE945 /* vendor */,
				B64E5E2E26F8EEA500CC7383 /* OpenGL.entitlements */,
			);
			path = OpenGL;
			sourceTree = "<group>";
		};
		B6BFF5DD26F8EDD4002ECA4B /* Frameworks */ = {
			isa = PBXGroup;
			children = (
				B64E5E2F26F8EEBE00CC7383 /* libglfw.3.dylib */,
				B6BFF5E526F8EE22002ECA4B /* libGLEW.2.2.0.dylib */,
				B6BFF5E426F8EE22002ECA4B /* libGLEW.dylib */,
				B6BFF5E126F8EDF9002ECA4B /* libglfw.3.3.dylib */,
				B6BFF5E026F8EDF9002ECA4B /* libglfw.dylib */,
				B6BFF5DE26F8EDD4002ECA4B /* OpenGL.framework */,
			);
			name = Frameworks;
			sourceTree = "<group>";
		};
		B6FDF28A2735A26500DEBCB9 /* camera */ = {
			isa = PBXGroup;
			children = (
				B6FDF28B2735A27200DEBCB9 /* Camera.cpp */,
				B6FDF28C2735A27200DEBCB9 /* Camera.h */,
			);
			path = camera;
			sourceTree = "<group>";
		};
/* End PBXGroup section */

/* Begin PBXNativeTarget section */
		B6BFF5D126F8EDC6002ECA4B /* OpenGL */ = {
			isa = PBXNativeTarget;
			buildConfigurationList = B6BFF5D926F8EDC6002ECA4B /* Build configuration list for PBXNativeTarget "OpenGL" */;
			buildPhases = (
				B6BFF5CE26F8EDC6002ECA4B /* Sources */,
				B6BFF5CF26F8EDC6002ECA4B /* Frameworks */,
				B6BFF5D026F8EDC6002ECA4B /* CopyFiles */,
			);
			buildRules = (
			);
			dependencies = (
			);
			name = OpenGL;
			productName = OpenGL;
			productReference = B6BFF5D226F8EDC6002ECA4B /* OpenGL */;
			productType = "com.apple.product-type.tool";
		};
/* End PBXNativeTarget section */

/* Begin PBXProject section */
		B6BFF5CA26F8EDC6002ECA4B /* Project object */ = {
			isa = PBXProject;
			attributes = {
				LastUpgradeCheck = 1310;
				TargetAttributes = {
					B6BFF5D126F8EDC6002ECA4B = {
						CreatedOnToolsVersion = 12.4;
					};
				};
			};
			buildConfigurationList = B6BFF5CD26F8EDC6002ECA4B /* Build configuration list for PBXProject "OpenGL" */;
			compatibilityVersion = "Xcode 9.3";
			developmentRegion = en;
			hasScannedForEncodings = 0;
			knownRegions = (
				en,
				Base,
			);
			mainGroup = B6BFF5C926F8EDC6002ECA4B;
			productRefGroup = B6BFF5D326F8EDC6002ECA4B /* Products */;
			projectDirPath = "";
			projectRoot = "";
			targets = (
				B6BFF5D126F8EDC6002ECA4B /* OpenGL */,
			);
		};
/* End PBXProject section */

/* Begin PBXSourcesBuildPhase section */
		B6BFF5CE26F8EDC6002ECA4B /* Sources */ = {
			isa = PBXSourcesBuildPhase;
			buildActionMask = 2147483647;
			files = (
				B63C0CB12735EF1E00CD2D30 /* stb_image.cpp in Sources */,
				B6F13526273EE44D00DF29E4 /* MeshHeight.cpp in Sources */,
				B6FDF28D2735A27200DEBCB9 /* Camera.cpp in Sources */,
				B617D9752734273B004FE945 /* main.cpp in Sources */,
				B60A8008273C2930002DBAEA /* Chunk.cpp in Sources */,
				B617D97A2734273B004FE945 /* imgui_draw.cpp in Sources */,
				B6218A9C273A7AE000564709 /* MeshBuilder.cpp in Sources */,
				B617D9772734273B004FE945 /* imgui.cpp in Sources */,
				B617D97E2734273B004FE945 /* OpenGLEngine.cpp in Sources */,
				B617D9792734273B004FE945 /* imgui_demo.cpp in Sources */,
				B617D97D2734273B004FE945 /* Texture.cpp in Sources */,
				B617D97C2734273B004FE945 /* VertexBuffer.cpp in Sources */,
				B675CE33273739730010C4AB /* Mesh.cpp in Sources */,
				B617D9742734273B004FE945 /* VertexArray.cpp in Sources */,
				B617D9782734273B004FE945 /* imgui_impl_glfw_gl3.cpp in Sources */,
				B617D97F2734273B004FE945 /* Shader.cpp in Sources */,
				B617D9762734273B004FE945 /* IndexBuffer.cpp in Sources */,
			);
			runOnlyForDeploymentPostprocessing = 0;
		};
/* End PBXSourcesBuildPhase section */

/* Begin XCBuildConfiguration section */
		B6BFF5D726F8EDC6002ECA4B /* Debug */ = {
			isa = XCBuildConfiguration;
			buildSettings = {
				ALWAYS_SEARCH_USER_PATHS = NO;
				CLANG_ANALYZER_NONNULL = YES;
				CLANG_ANALYZER_NUMBER_OBJECT_CONVERSION = YES_AGGRESSIVE;
				CLANG_CXX_LANGUAGE_STANDARD = "gnu++14";
				CLANG_CXX_LIBRARY = "libc++";
				CLANG_ENABLE_MODULES = YES;
				CLANG_ENABLE_OBJC_ARC = YES;
				CLANG_ENABLE_OBJC_WEAK = YES;
				CLANG_WARN_BLOCK_CAPTURE_AUTORELEASING = YES;
				CLANG_WARN_BOOL_CONVERSION = YES;
				CLANG_WARN_COMMA = YES;
				CLANG_WARN_CONSTANT_CONVERSION = YES;
				CLANG_WARN_DEPRECATED_OBJC_IMPLEMENTATIONS = YES;
				CLANG_WARN_DIRECT_OBJC_ISA_USAGE = YES_ERROR;
				CLANG_WARN_DOCUMENTATION_COMMENTS = YES;
				CLANG_WARN_EMPTY_BODY = YES;
				CLANG_WARN_ENUM_CONVERSION = YES;
				CLANG_WARN_INFINITE_RECURSION = YES;
				CLANG_WARN_INT_CONVERSION = YES;
				CLANG_WARN_NON_LITERAL_NULL_CONVERSION = YES;
				CLANG_WARN_OBJC_IMPLICIT_RETAIN_SELF = YES;
				CLANG_WARN_OBJC_LITERAL_CONVERSION = YES;
				CLANG_WARN_OBJC_ROOT_CLASS = YES_ERROR;
				CLANG_WARN_QUOTED_INCLUDE_IN_FRAMEWORK_HEADER = YES;
				CLANG_WARN_RANGE_LOOP_ANALYSIS = YES;
				CLANG_WARN_STRICT_PROTOTYPES = YES;
				CLANG_WARN_SUSPICIOUS_MOVE = YES;
				CLANG_WARN_UNGUARDED_AVAILABILITY = YES_AGGRESSIVE;
				CLANG_WARN_UNREACHABLE_CODE = YES;
				CLANG_WARN__DUPLICATE_METHOD_MATCH = YES;
				COPY_PHASE_STRIP = NO;
				DEBUG_INFORMATION_FORMAT = dwarf;
				ENABLE_STRICT_OBJC_MSGSEND = YES;
				ENABLE_TESTABILITY = YES;
				GCC_C_LANGUAGE_STANDARD = gnu11;
				GCC_DYNAMIC_NO_PIC = NO;
				GCC_NO_COMMON_BLOCKS = YES;
				GCC_OPTIMIZATION_LEVEL = 0;
				GCC_PREPROCESSOR_DEFINITIONS = (
					"DEBUG=1",
					"$(inherited)",
				);
				GCC_WARN_64_TO_32_BIT_CONVERSION = YES;
				GCC_WARN_ABOUT_RETURN_TYPE = YES_ERROR;
				GCC_WARN_UNDECLARED_SELECTOR = YES;
				GCC_WARN_UNINITIALIZED_AUTOS = YES_AGGRESSIVE;
				GCC_WARN_UNUSED_FUNCTION = YES;
				GCC_WARN_UNUSED_VARIABLE = YES;
				MACOSX_DEPLOYMENT_TARGET = 11.1;
				MTL_ENABLE_DEBUG_INFO = INCLUDE_SOURCE;
				MTL_FAST_MATH = YES;
				ONLY_ACTIVE_ARCH = YES;
				SDKROOT = macosx;
			};
			name = Debug;
		};
		B6BFF5D826F8EDC6002ECA4B /* Release */ = {
			isa = XCBuildConfiguration;
			buildSettings = {
				ALWAYS_SEARCH_USER_PATHS = NO;
				CLANG_ANALYZER_NONNULL = YES;
				CLANG_ANALYZER_NUMBER_OBJECT_CONVERSION = YES_AGGRESSIVE;
				CLANG_CXX_LANGUAGE_STANDARD = "gnu++14";
				CLANG_CXX_LIBRARY = "libc++";
				CLANG_ENABLE_MODULES = YES;
				CLANG_ENABLE_OBJC_ARC = YES;
				CLANG_ENABLE_OBJC_WEAK = YES;
				CLANG_WARN_BLOCK_CAPTURE_AUTORELEASING = YES;
				CLANG_WARN_BOOL_CONVERSION = YES;
				CLANG_WARN_COMMA = YES;
				CLANG_WARN_CONSTANT_CONVERSION = YES;
				CLANG_WARN_DEPRECATED_OBJC_IMPLEMENTATIONS = YES;
				CLANG_WARN_DIRECT_OBJC_ISA_USAGE = YES_ERROR;
				CLANG_WARN_DOCUMENTATION_COMMENTS = YES;
				CLANG_WARN_EMPTY_BODY = YES;
				CLANG_WARN_ENUM_CONVERSION = YES;
				CLANG_WARN_INFINITE_RECURSION = YES;
				CLANG_WARN_INT_CONVERSION = YES;
				CLANG_WARN_NON_LITERAL_NULL_CONVERSION = YES;
				CLANG_WARN_OBJC_IMPLICIT_RETAIN_SELF = YES;
				CLANG_WARN_OBJC_LITERAL_CONVERSION = YES;
				CLANG_WARN_OBJC_ROOT_CLASS = YES_ERROR;
				CLANG_WARN_QUOTED_INCLUDE_IN_FRAMEWORK_HEADER = YES;
				CLANG_WARN_RANGE_LOOP_ANALYSIS = YES;
				CLANG_WARN_STRICT_PROTOTYPES = YES;
				CLANG_WARN_SUSPICIOUS_MOVE = YES;
				CLANG_WARN_UNGUARDED_AVAILABILITY = YES_AGGRESSIVE;
				CLANG_WARN_UNREACHABLE_CODE = YES;
				CLANG_WARN__DUPLICATE_METHOD_MATCH = YES;
				COPY_PHASE_STRIP = NO;
				DEBUG_INFORMATION_FORMAT = "dwarf-with-dsym";
				ENABLE_NS_ASSERTIONS = NO;
				ENABLE_STRICT_OBJC_MSGSEND = YES;
				GCC_C_LANGUAGE_STANDARD = gnu11;
				GCC_NO_COMMON_BLOCKS = YES;
				GCC_WARN_64_TO_32_BIT_CONVERSION = YES;
				GCC_WARN_ABOUT_RETURN_TYPE = YES_ERROR;
				GCC_WARN_UNDECLARED_SELECTOR = YES;
				GCC_WARN_UNINITIALIZED_AUTOS = YES_AGGRESSIVE;
				GCC_WARN_UNUSED_FUNCTION = YES;
				GCC_WARN_UNUSED_VARIABLE = YES;
				MACOSX_DEPLOYMENT_TARGET = 11.1;
				MTL_ENABLE_DEBUG_INFO = NO;
				MTL_FAST_MATH = YES;
				SDKROOT = macosx;
			};
			name = Release;
		};
		B6BFF5DA26F8EDC6002ECA4B /* Debug */ = {
			isa = XCBuildConfiguration;
			buildSettings = {
				CLANG_CXX_LANGUAGE_STANDARD = "c++17";
				CLANG_CXX_LIBRARY = "libc++";
				CLANG_WARN_COMMA = NO;
				CLANG_WARN_DOCUMENTATION_COMMENTS = NO;
				CODE_SIGN_ENTITLEMENTS = OpenGL/OpenGL.entitlements;
				CODE_SIGN_IDENTITY = "-";
				CODE_SIGN_STYLE = Automatic;
				DEVELOPMENT_TEAM = 7C4DA88BK9;
				ENABLE_HARDENED_RUNTIME = YES;
				HEADER_SEARCH_PATHS = (
					/usr/local/Cellar/glfw/3.3.4/include,
					/usr/local/Cellar/glew/2.2.0_1/include,
					/usr/local/Cellar/glm/0.9.9.8/include,
					"\"$(SRCROOT)/../../../../VulkanSDK/1.2.189.0/macOS/include\"",
				);
				LIBRARY_SEARCH_PATHS = (
					"$(inherited)",
					/usr/local/Cellar/glfw/3.3.4/lib,
					/usr/local/Cellar/glew/2.2.0_1/lib,
				);
				PRODUCT_NAME = "$(TARGET_NAME)";
				VALIDATE_WORKSPACE_SKIPPED_SDK_FRAMEWORKS = OpenGL;
			};
			name = Debug;
		};
		B6BFF5DB26F8EDC6002ECA4B /* Release */ = {
			isa = XCBuildConfiguration;
			buildSettings = {
				CLANG_CXX_LANGUAGE_STANDARD = "c++17";
				CLANG_CXX_LIBRARY = "libc++";
				CLANG_WARN_COMMA = NO;
				CLANG_WARN_DOCUMENTATION_COMMENTS = NO;
				CODE_SIGN_ENTITLEMENTS = OpenGL/OpenGL.entitlements;
				CODE_SIGN_IDENTITY = "-";
				CODE_SIGN_STYLE = Automatic;
				DEVELOPMENT_TEAM = 7C4DA88BK9;
				ENABLE_HARDENED_RUNTIME = YES;
				HEADER_SEARCH_PATHS = (
					/usr/local/Cellar/glfw/3.3.4/include,
					/usr/local/Cellar/glew/2.2.0_1/include,
					/usr/local/Cellar/glm/0.9.9.8/include,
					"\"$(SRCROOT)/../../../../VulkanSDK/1.2.189.0/macOS/include\"",
				);
				LIBRARY_SEARCH_PATHS = (
					"$(inherited)",
					/usr/local/Cellar/glfw/3.3.4/lib,
					/usr/local/Cellar/glew/2.2.0_1/lib,
				);
				PRODUCT_NAME = "$(TARGET_NAME)";
				VALIDATE_WORKSPACE_SKIPPED_SDK_FRAMEWORKS = OpenGL;
			};
			name = Release;
		};
/* End XCBuildConfiguration section */

/* Begin XCConfigurationList section */
		B6BFF5CD26F8EDC6002ECA4B /* Build configuration list for PBXProject "OpenGL" */ = {
			isa = XCConfigurationList;
			buildConfigurations = (
				B6BFF5D726F8EDC6002ECA4B /* Debug */,
				B6BFF5D826F8EDC6002ECA4B /* Release */,
			);
			defaultConfigurationIsVisible = 0;
			defaultConfigurationName = Release;
		};
		B6BFF5D926F8EDC6002ECA4B /* Build configuration list for PBXNativeTarget "OpenGL" */ = {
			isa = XCConfigurationList;
			buildConfigurations = (
				B6BFF5DA26F8EDC6002ECA4B /* Debug */,
				B6BFF5DB26F8EDC6002ECA4B /* Release */,
			);
			defaultConfigurationIsVisible = 0;
			defaultConfigurationName = Release;
		};
/* End XCConfigurationList section */
	};
	rootObject = B6BFF5CA26F8EDC6002ECA4B /* Project object */;
}
